
Microsoft Visual Studio Solution File, Format Version 12.00
# Visual Studio Version 17
VisualStudioVersion = 17.6.33829.357
MinimumVisualStudioVersion = 10.0.40219.1
Project("{FAE04EC0-301F-11D3-BF4B-00C04F79EFBC}") = "LivrariaControleEmprestimo.Data", "LivrariaControleEmprestimo.Data\LivrariaControleEmprestimo.Data.csproj", "{7C074FA4-D344-43B2-A8ED-FDC87F201354}"
EndProject
Project("{FAE04EC0-301F-11D3-BF4B-00C04F79EFBC}") = "LivrariaControleEmprestimo.Web", "LivrariaControleEmprestimo.Web\LivrariaControleEmprestimo.Web.csproj", "{36FD6955-30EC-4908-8666-73CC03CE1243}"
EndProject
Global
	GlobalSection(SolutionConfigurationPlatforms) = preSolution
		Debug|Any CPU = Debug|Any CPU
		Release|Any CPU = Release|Any CPU
	EndGlobalSection
	GlobalSection(ProjectConfigurationPlatforms) = postSolution
		{7C074FA4-D344-43B2-A8ED-FDC87F201354}.Debug|Any CPU.ActiveCfg = Debug|Any CPU
		{7C074FA4-D344-43B2-A8ED-FDC87F201354}.Debug|Any CPU.Build.0 = Debug|Any CPU
		{7C074FA4-D344-43B2-A8ED-FDC87F201354}.Release|Any CPU.ActiveCfg = Release|Any CPU
		{7C074FA4-D344-43B2-A8ED-FDC87F201354}.Release|Any CPU.Build.0 = Release|Any CPU
		{36FD6955-30EC-4908-8666-73CC03CE1243}.Debug|Any CPU.ActiveCfg = Debug|Any CPU
		{36FD6955-30EC-4908-8666-73CC03CE1243}.Debug|Any CPU.Build.0 = Debug|Any CPU
		{36FD6955-30EC-4908-8666-73CC03CE1243}.Release|Any CPU.ActiveCfg = Release|Any CPU
		{36FD6955-30EC-4908-8666-73CC03CE1243}.Release|Any CPU.Build.0 = Release|Any CPU
	EndGlobalSection
	GlobalSection(SolutionProperties) = preSolution
		HideSolutionNode = FALSE
	EndGlobalSection
	GlobalSection(ExtensibilityGlobals) = postSolution
		SolutionGuid = {48091D93-FAB5-4FA2-885D-55885CE8443B}
	EndGlobalSection
EndGlobal
